PODS:
  - BigInt (5.2.0)
  - CHTCollectionViewWaterfallLayout/ObjC (0.9.10)
  - CocoaLumberjack/Core (3.7.4)
  - CocoaLumberjack/Swift (3.7.4):
    - CocoaLumberjack/Core
  - CryptoSwift (1.4.3)
  - DateTools (2.0.0)
  - DZNEmptyDataSet (1.8.1)
  - Firebase/CoreOnly (8.14.0):
    - FirebaseCore (= 8.14.0)
  - Firebase/Crashlytics (8.14.0):
    - Firebase/CoreOnly
    - FirebaseCrashlytics (~> 8.14.0)
  - FirebaseCore (8.14.0):
    - FirebaseCoreDiagnostics (~> 8.0)
    - GoogleUtilities/Environment (~> 7.7)
    - GoogleUtilities/Logger (~> 7.7)
  - FirebaseCoreDiagnostics (8.14.0):
    - GoogleDataTransport (~> 9.1)
    - GoogleUtilities/Environment (~> 7.7)
    - GoogleUtilities/Logger (~> 7.7)
    - nanopb (~> 2.30908.0)
  - FirebaseCrashlytics (8.14.0):
    - FirebaseCore (~> 8.0)
    - FirebaseInstallations (~> 8.0)
    - GoogleDataTransport (~> 9.1)
    - GoogleUtilities/Environment (~> 7.7)
    - nanopb (~> 2.30908.0)
    - PromisesObjC (< 3.0, >= 1.2)
  - FirebaseInstallations (8.14.0):
    - FirebaseCore (~> 8.0)
    - GoogleUtilities/Environment (~> 7.7)
    - GoogleUtilities/UserDefaults (~> 7.7)
    - PromisesObjC (< 3.0, >= 1.2)
  - FLEX (4.6.1)
  - FlexLayout (1.3.23)
  - GKContactImage (0.0.4)
  - GoogleDataTransport (9.1.2):
    - GoogleUtilities/Environment (~> 7.2)
    - nanopb (~> 2.30908.0)
    - PromisesObjC (< 3.0, >= 1.2)
  - GoogleUtilities/Environment (7.7.0):
    - PromisesObjC (< 3.0, >= 1.2)
  - GoogleUtilities/Logger (7.7.0):
    - GoogleUtilities/Environment
  - GoogleUtilities/UserDefaults (7.7.0):
    - GoogleUtilities/Logger
  - Haptica (3.0.3)
  - iMonitorMyFiles (0.1.0)
  - InputBarAccessoryView (5.4.0):
    - InputBarAccessoryView/Core (= 5.4.0)
  - InputBarAccessoryView/Core (5.4.0)
  - ISEmojiView (0.2.6)
  - JustPieChart (0.1.0)
  - "Keyboard+LayoutGuide (1.6.0)"
  - libwebp (1.2.1):
    - libwebp/demux (= 1.2.1)
    - libwebp/mux (= 1.2.1)
    - libwebp/webp (= 1.2.1)
  - libwebp/demux (1.2.1):
    - libwebp/webp
  - libwebp/mux (1.2.1):
    - libwebp/demux
  - libwebp/webp (1.2.1)
  - MessageKit (3.7.0):
    - InputBarAccessoryView (~> 5.4.0)
  - nanopb (2.30908.0):
    - nanopb/decode (= 2.30908.0)
    - nanopb/encode (= 2.30908.0)
  - nanopb/decode (2.30908.0)
  - nanopb/encode (2.30908.0)
  - PanModal (1.2.7)
  - PhoneNumberKit (3.3.4):
    - PhoneNumberKit/PhoneNumberKitCore (= 3.3.4)
    - PhoneNumberKit/UIKit (= 3.3.4)
  - PhoneNumberKit/PhoneNumberKitCore (3.3.4)
  - PhoneNumberKit/UIKit (3.3.4):
    - PhoneNumberKit/PhoneNumberKitCore
  - PinLayout (1.10.2)
  - PromiseKit (6.15.3):
    - PromiseKit/CorePromise (= 6.15.3)
    - PromiseKit/Foundation (= 6.15.3)
    - PromiseKit/UIKit (= 6.15.3)
  - PromiseKit/CorePromise (6.15.3)
  - PromiseKit/Foundation (6.15.3):
    - PromiseKit/CorePromise
  - PromiseKit/UIKit (6.15.3):
    - PromiseKit/CorePromise
  - PromisesObjC (2.0.0)
  - PureLayout (3.1.9)
  - SAMKeychain (1.5.3)
  - SDWebImage/Core (5.12.5)
  - SDWebImageWebPCoder (0.8.4):
    - libwebp (~> 1.0)
    - SDWebImage/Core (~> 5.10)
  - secp256k1.c (0.1.2)
  - Starscream (4.0.4)
  - SwiftGen (6.5.1)
  - web3swift (2.5.0):
    - BigInt (~> 5.2.0)
    - CryptoSwift (~> 1.4.2)
    - PromiseKit (~> 6.15.3)
    - secp256k1.c (~> 0.1)
    - Starscream (~> 4.0.4)
  - WSTagsField (5.4.0)
  - YYCategories (1.0.4):
    - YYCategories/no-arc (= 1.0.4)
  - YYCategories/no-arc (1.0.4)

DEPENDENCIES:
  - CHTCollectionViewWaterfallLayout/ObjC
  - CocoaLumberjack/Swift
  - DateTools
  - DZNEmptyDataSet (from `https://github.com/meganz/DZNEmptyDataSet.git`, commit `3db6295`)
  - Firebase/Crashlytics
  - FLEX
  - FlexLayout
  - GKContactImage (from `https://github.com/meganz/GKContactImage.git`)
  - Haptica
  - iMonitorMyFiles (~> 0.1.0)
  - ISEmojiView (from `https://github.com/isaced/ISEmojiView.git`, tag `0.2.6`)
  - JustPieChart
  - "Keyboard+LayoutGuide"
  - MessageKit
  - PanModal (from `https://github.com/ilia3546/PanModal.git`, commit `ba721e8`)
  - PhoneNumberKit (~> 3.3)
  - PinLayout
  - PureLayout (from `https://github.com/PureLayout/PureLayout.git`)
  - SAMKeychain
  - SDWebImageWebPCoder
  - SwiftGen
  - web3swift (from `https://github.com/skywinder/web3swift.git`)
  - WSTagsField
  - YYCategories

SPEC REPOS:
  https://github.com/CocoaPods/Specs.git:
    - BigInt
    - CHTCollectionViewWaterfallLayout
    - CocoaLumberjack
    - CryptoSwift
    - DateTools
    - Firebase
    - FirebaseCore
    - FirebaseCoreDiagnostics
    - FirebaseCrashlytics
    - FirebaseInstallations
    - FLEX
    - FlexLayout
    - GoogleDataTransport
    - GoogleUtilities
    - Haptica
    - iMonitorMyFiles
    - InputBarAccessoryView
    - JustPieChart
    - "Keyboard+LayoutGuide"
    - libwebp
    - MessageKit
    - nanopb
    - PhoneNumberKit
    - PinLayout
    - PromiseKit
    - PromisesObjC
    - SAMKeychain
    - SDWebImage
    - SDWebImageWebPCoder
    - secp256k1.c
    - Starscream
    - SwiftGen
    - WSTagsField
    - YYCategories

EXTERNAL SOURCES:
  DZNEmptyDataSet:
    :commit: 3db6295
    :git: https://github.com/meganz/DZNEmptyDataSet.git
  GKContactImage:
    :git: https://github.com/meganz/GKContactImage.git
  ISEmojiView:
    :git: https://github.com/isaced/ISEmojiView.git
    :tag: 0.2.6
  PanModal:
    :commit: ba721e8
    :git: https://github.com/ilia3546/PanModal.git
  PureLayout:
    :git: https://github.com/PureLayout/PureLayout.git
  web3swift:
    :git: https://github.com/skywinder/web3swift.git

CHECKOUT OPTIONS:
  DZNEmptyDataSet:
    :commit: 3db6295
    :git: https://github.com/meganz/DZNEmptyDataSet.git
  GKContactImage:
    :commit: d5a05ae1cc6b49d0673d13f4b1981d1fe5be718a
    :git: https://github.com/meganz/GKContactImage.git
  ISEmojiView:
    :git: https://github.com/isaced/ISEmojiView.git
    :tag: 0.2.6
  PanModal:
    :commit: ba721e8
    :git: https://github.com/ilia3546/PanModal.git
  PureLayout:
    :commit: cc3078c0d33de27e22304c9b90c7f5e1f795d3f6
    :git: https://github.com/PureLayout/PureLayout.git
  web3swift:
    :commit: 5edab19883d890219517be1436369891e0560df8
    :git: https://github.com/skywinder/web3swift.git

SPEC CHECKSUMS:
  BigInt: f668a80089607f521586bbe29513d708491ef2f7
  CHTCollectionViewWaterfallLayout: b989a459788d7657ac010e03bc0f7eedca95a420
  CocoaLumberjack: 543c79c114dadc3b1aba95641d8738b06b05b646
  CryptoSwift: a0799ee936271bd2253a006f1e4523df21845000
  DateTools: 933ac9c490f21f92127cf690ccd8c397e0126caf
  DZNEmptyDataSet: b94434220f87d9dda46660eb4f07a424778e93b4
  Firebase: 7e8fe528c161b9271d365217a74c16aaf834578e
  FirebaseCore: b84a44ee7ba999e0f9f76d198a9c7f60a797b848
  FirebaseCoreDiagnostics: fd0c8490f34287229c1d6c103d3a55f81ec85712
  FirebaseCrashlytics: 079ef36f5c4b7161188928faec40fa276ebefd84
  FirebaseInstallations: 7d1d967a307c12f1aadd76844fc321cef699b1ce
  FLEX: bbc55d197f87d7cde2454c3981aa47069b694144
  FlexLayout: 5b44c0538e7eaa2110e3160dfdfb74611676fb91
  GKContactImage: fee93c0311deb91f1aca8f1c337dbb0b6f68a119
  GoogleDataTransport: 629c20a4d363167143f30ea78320d5a7eb8bd940
  GoogleUtilities: e0913149f6b0625b553d70dae12b49fc62914fd1
  Haptica: 23497230b2d7476621f7860263ae0667279a0a89
  iMonitorMyFiles: 1d17367af6dd83f0042f10683eb508904645242b
  InputBarAccessoryView: 74d471ab1fa1736806be50328df79257e52865a9
  ISEmojiView: f7cd94a6c93307f429ec5da001293d0b02247f03
  JustPieChart: 8f442c60abf743fce27137096fea113e6bd43ecc
  "Keyboard+LayoutGuide": db44b1764e2bb5d9824cc9cea9d9006cd4442045
  libwebp: 98a37e597e40bfdb4c911fc98f2c53d0b12d05fc
  MessageKit: 8e76dd8d65ad44b49e1651c673497146416461e9
  nanopb: a0ba3315591a9ae0a16a309ee504766e90db0c96
  PanModal: 3e16ead1a907fb06f4df3f13492fd00149fa4974
  PhoneNumberKit: 441e8b26ec88d598e3591de9061eff18f5dd12e8
  PinLayout: d6b1960e4b182b4da1481b9aa6728f621e20708d
  PromiseKit: 3b2b6995e51a954c46dbc550ce3da44fbfb563c5
  PromisesObjC: 68159ce6952d93e17b2dfe273b8c40907db5ba58
  PureLayout: 5fb5e5429519627d60d079ccb1eaa7265ce7cf88
  SAMKeychain: 483e1c9f32984d50ca961e26818a534283b4cd5c
  SDWebImage: 0905f1b7760fc8ac4198cae0036600d67478751e
  SDWebImageWebPCoder: f93010f3f6c031e2f8fb3081ca4ee6966c539815
  secp256k1.c: db47b726585d80f027423682eb369729e61b3b20
  Starscream: 5178aed56b316f13fa3bc55694e583d35dd414d9
  SwiftGen: a6d22010845f08fe18fbdf3a07a8e380fd22e0ea
  web3swift: 31ecb7a7da543f851344cdd64badea94c439b0d9
  WSTagsField: a4e91b7d866e8c9755332ebcf8123f42f2abd4a0
  YYCategories: 6bcd4314c6661a561410dce4a793379ebd306abd

PODFILE CHECKSUM: a27434ad276abd3f368d235a02f52acb5a4e060a

COCOAPODS: 1.11.2
